{
  "name": "scrutin-eyes",
  "version": "1.0.0",
  "lockfileVersion": 1,
  "dependencies": {
    "vnu-jar": {
      "version": "17.7.0",
      "resolved": "https://registry.npmjs.org/vnu-jar/-/vnu-jar-17.7.0.tgz",
      "integrity": "sha512-ZkZI3dDzrG5v0hHFEykfY5OGkWBxKrXropByDb86i4o4SGTWT2UCvJnw9BgyBaRIh22OsU06lvDgCH1DDaWRew=="
    }
  }
}
